
Microsoft Visual Studio Solution File, Format Version 12.00
# Visual Studio Version 16
VisualStudioVersion = 16.0.29728.190
MinimumVisualStudioVersion = 10.0.40219.1
Project("{FAE04EC0-301F-11D3-BF4B-00C04F79EFBC}") = "Laba2", "Laba2\Laba2.csproj", "{0DE7F43F-BE44-402A-A595-49F0CC0139B3}"
EndProject
Global
	GlobalSection(SolutionConfigurationPlatforms) = preSolution
		Debug|Any CPU = Debug|Any CPU
		Release|Any CPU = Release|Any CPU
	EndGlobalSection
	GlobalSection(ProjectConfigurationPlatforms) = postSolution
		{0DE7F43F-BE44-402A-A595-49F0CC0139B3}.Debug|Any CPU.ActiveCfg = Debug|Any CPU
		{0DE7F43F-BE44-402A-A595-49F0CC0139B3}.Debug|Any CPU.Build.0 = Debug|Any CPU
		{0DE7F43F-BE44-402A-A595-49F0CC0139B3}.Release|Any CPU.ActiveCfg = Release|Any CPU
		{0DE7F43F-BE44-402A-A595-49F0CC0139B3}.Release|Any CPU.Build.0 = Release|Any CPU
	EndGlobalSection
	GlobalSection(SolutionProperties) = preSolution
		HideSolutionNode = FALSE
	EndGlobalSection
	GlobalSection(ExtensibilityGlobals) = postSolution
		SolutionGuid = {8E658801-DD61-4106-83C2-41D40B8847F1}
	EndGlobalSection
EndGlobal
