
Microsoft Visual Studio Solution File, Format Version 12.00
# Visual Studio Version 16
VisualStudioVersion = 16.0.29728.190
MinimumVisualStudioVersion = 10.0.40219.1
Project("{FAE04EC0-301F-11D3-BF4B-00C04F79EFBC}") = "Laba3", "Laba3\Laba3.csproj", "{847A02B4-12EA-4954-A51C-05B801127EB8}"
EndProject
Global
	GlobalSection(SolutionConfigurationPlatforms) = preSolution
		Debug|Any CPU = Debug|Any CPU
		Release|Any CPU = Release|Any CPU
	EndGlobalSection
	GlobalSection(ProjectConfigurationPlatforms) = postSolution
		{847A02B4-12EA-4954-A51C-05B801127EB8}.Debug|Any CPU.ActiveCfg = Debug|Any CPU
		{847A02B4-12EA-4954-A51C-05B801127EB8}.Debug|Any CPU.Build.0 = Debug|Any CPU
		{847A02B4-12EA-4954-A51C-05B801127EB8}.Release|Any CPU.ActiveCfg = Release|Any CPU
		{847A02B4-12EA-4954-A51C-05B801127EB8}.Release|Any CPU.Build.0 = Release|Any CPU
	EndGlobalSection
	GlobalSection(SolutionProperties) = preSolution
		HideSolutionNode = FALSE
	EndGlobalSection
	GlobalSection(ExtensibilityGlobals) = postSolution
		SolutionGuid = {1694BF84-043F-4320-860C-41582C98E651}
	EndGlobalSection
EndGlobal
